
Microsoft Visual Studio Solution File, Format Version 12.00
# Visual Studio Version 16
VisualStudioVersion = 16.0.31321.278
MinimumVisualStudioVersion = 10.0.40219.1
Project("{9A19103F-16F7-4668-BE54-9A1E7A4F7556}") = "PedalPi", "PedalPi\PedalPi.csproj", "{FA4BCA3F-2183-41A7-9803-530DEFF7A611}"
EndProject
Global
	GlobalSection(SolutionConfigurationPlatforms) = preSolution
		Debug|Any CPU = Debug|Any CPU
		Release|Any CPU = Release|Any CPU
	EndGlobalSection
	GlobalSection(ProjectConfigurationPlatforms) = postSolution
		{FA4BCA3F-2183-41A7-9803-530DEFF7A611}.Debug|Any CPU.ActiveCfg = Debug|Any CPU
		{FA4BCA3F-2183-41A7-9803-530DEFF7A611}.Debug|Any CPU.Build.0 = Debug|Any CPU
		{FA4BCA3F-2183-41A7-9803-530DEFF7A611}.Release|Any CPU.ActiveCfg = Release|Any CPU
		{FA4BCA3F-2183-41A7-9803-530DEFF7A611}.Release|Any CPU.Build.0 = Release|Any CPU
	EndGlobalSection
	GlobalSection(SolutionProperties) = preSolution
		HideSolutionNode = FALSE
	EndGlobalSection
	GlobalSection(ExtensibilityGlobals) = postSolution
		SolutionGuid = {01CF0C88-3350-421E-B9A0-F6B4FC0695D6}
	EndGlobalSection
EndGlobal
